
Microsoft Visual Studio Solution File, Format Version 12.00
# Visual Studio 15
Project("{FAE04EC0-301F-11D3-BF4B-00C04F79EFBC}") = "UnityEngine.UI", "UnityEngine.UI.csproj", "{C81803B6-C167-B9D9-C8C0-EB42D8EEABE5}"
EndProject
Project("{FAE04EC0-301F-11D3-BF4B-00C04F79EFBC}") = "Mirror", "Mirror.csproj", "{84988F1C-2458-24B0-F042-70F722B06239}"
EndProject
Project("{FAE04EC0-301F-11D3-BF4B-00C04F79EFBC}") = "UnityEngine.TestRunner", "UnityEngine.TestRunner.csproj", "{026AA0DE-4678-5A46-3DCF-A25BBCC6A294}"
EndProject
Project("{FAE04EC0-301F-11D3-BF4B-00C04F79EFBC}") = "Unity.Mathematics", "Unity.Mathematics.csproj", "{55494B8F-76BA-1208-BAAB-99E7E43F0441}"
EndProject
Project("{FAE04EC0-301F-11D3-BF4B-00C04F79EFBC}") = "Unity.2D.Animation.Triangle.Runtime", "Unity.2D.Animation.Triangle.Runtime.csproj", "{96DF7C79-37EB-B2A4-FE9E-708FD1830A97}"
EndProject
Project("{FAE04EC0-301F-11D3-BF4B-00C04F79EFBC}") = "SimpleWebTransport", "SimpleWebTransport.csproj", "{29E1949A-CD6B-6B21-FA3E-232800970883}"
EndProject
Project("{FAE04EC0-301F-11D3-BF4B-00C04F79EFBC}") = "Unity.Timeline", "Unity.Timeline.csproj", "{AC175C9E-6B7C-ABB1-1F35-C0F2BC6927E9}"
EndProject
Project("{FAE04EC0-301F-11D3-BF4B-00C04F79EFBC}") = "Mirror.Examples", "Mirror.Examples.csproj", "{F10D3BCA-A12C-F3AB-BE78-A07515DC57AB}"
EndProject
Project("{FAE04EC0-301F-11D3-BF4B-00C04F79EFBC}") = "Mirror.Components", "Mirror.Components.csproj", "{D4396ECD-B4F9-DC24-B49E-B0B2180B43A3}"
EndProject
Project("{FAE04EC0-301F-11D3-BF4B-00C04F79EFBC}") = "Unity.TextMeshPro", "Unity.TextMeshPro.csproj", "{206F0318-6595-D899-2617-4E112E1EB126}"
EndProject
Project("{FAE04EC0-301F-11D3-BF4B-00C04F79EFBC}") = "Unity.2D.Animation.Runtime", "Unity.2D.Animation.Runtime.csproj", "{DB4F4224-9FFA-0074-D247-DE66591F84ED}"
EndProject
Project("{FAE04EC0-301F-11D3-BF4B-00C04F79EFBC}") = "Unity.2D.IK.Runtime", "Unity.2D.IK.Runtime.csproj", "{7D80CEBF-6CF3-3594-0DCE-E730A53715D2}"
EndProject
Project("{FAE04EC0-301F-11D3-BF4B-00C04F79EFBC}") = "Unity.2D.SpriteShape.Runtime", "Unity.2D.SpriteShape.Runtime.csproj", "{C0F987C7-093F-AA06-9AEF-33A05C0964AE}"
EndProject
Project("{FAE04EC0-301F-11D3-BF4B-00C04F79EFBC}") = "kcp2k", "kcp2k.csproj", "{7C413233-B729-4BE0-A1D6-FE8A3884F060}"
EndProject
Project("{FAE04EC0-301F-11D3-BF4B-00C04F79EFBC}") = "Telepathy", "Telepathy.csproj", "{9E08E929-7A0F-78E0-1703-5C4EFBC4BE83}"
EndProject
Project("{FAE04EC0-301F-11D3-BF4B-00C04F79EFBC}") = "Mirror.Authenticators", "Mirror.Authenticators.csproj", "{63E69E80-DF87-BB24-9018-BB10D03C6987}"
EndProject
Project("{FAE04EC0-301F-11D3-BF4B-00C04F79EFBC}") = "Unity.2D.PixelPerfect", "Unity.2D.PixelPerfect.csproj", "{35E1B0CD-C30E-E339-12A4-FC19B79C5D63}"
EndProject
Project("{FAE04EC0-301F-11D3-BF4B-00C04F79EFBC}") = "Assembly-CSharp", "Assembly-CSharp.csproj", "{5A81D408-D29B-DE1F-A511-89442C3B638E}"
EndProject
Project("{FAE04EC0-301F-11D3-BF4B-00C04F79EFBC}") = "where-allocations", "where-allocations.csproj", "{BE4660CA-AF87-AACF-8E06-4352C906A0C8}"
EndProject
Project("{FAE04EC0-301F-11D3-BF4B-00C04F79EFBC}") = "Unity.2D.Common.Runtime", "Unity.2D.Common.Runtime.csproj", "{C29F493F-3B31-26DC-5579-8128CE3ABE46}"
EndProject
Project("{FAE04EC0-301F-11D3-BF4B-00C04F79EFBC}") = "Unity.InternalAPIEngineBridge.001", "Unity.InternalAPIEngineBridge.001.csproj", "{A5C55527-A0C0-D2C8-6DD4-B940A950D4A7}"
EndProject
Project("{FAE04EC0-301F-11D3-BF4B-00C04F79EFBC}") = "UnityEditor.TestRunner", "UnityEditor.TestRunner.csproj", "{B73F4AA5-E591-FDAA-94B2-782BB85BF534}"
EndProject
Project("{FAE04EC0-301F-11D3-BF4B-00C04F79EFBC}") = "Unity.PlasticSCM.Editor", "Unity.PlasticSCM.Editor.csproj", "{0F372713-45B5-DC2A-A113-FD84AB269D05}"
EndProject
Project("{FAE04EC0-301F-11D3-BF4B-00C04F79EFBC}") = "UnityEditor.UI", "UnityEditor.UI.csproj", "{339E98C9-08CD-B1B0-6675-346F0909B051}"
EndProject
Project("{FAE04EC0-301F-11D3-BF4B-00C04F79EFBC}") = "Unity.Services.Core.Editor", "Unity.Services.Core.Editor.csproj", "{44B25D4D-B68C-E43C-3E2E-429F4C17A4D2}"
EndProject
Project("{FAE04EC0-301F-11D3-BF4B-00C04F79EFBC}") = "Unity.Timeline.Editor", "Unity.Timeline.Editor.csproj", "{AD93D33D-7765-CB64-E760-898D33EFF08C}"
EndProject
Project("{FAE04EC0-301F-11D3-BF4B-00C04F79EFBC}") = "Unity.VisualStudio.Editor", "Unity.VisualStudio.Editor.csproj", "{F4F5526B-21B6-552D-BFE6-084995B46396}"
EndProject
Project("{FAE04EC0-301F-11D3-BF4B-00C04F79EFBC}") = "Unity.2D.Psdimporter.Editor", "Unity.2D.Psdimporter.Editor.csproj", "{3A696D9A-289F-BC99-48E1-9C61F18816E0}"
EndProject
Project("{FAE04EC0-301F-11D3-BF4B-00C04F79EFBC}") = "Unity.2D.Animation.Editor", "Unity.2D.Animation.Editor.csproj", "{F7C0C44A-4521-63AC-B223-F7CDFD377B95}"
EndProject
Project("{FAE04EC0-301F-11D3-BF4B-00C04F79EFBC}") = "Unity.TextMeshPro.Editor", "Unity.TextMeshPro.Editor.csproj", "{2067314D-D7B0-F021-EB9C-3368B0DAF89C}"
EndProject
Project("{FAE04EC0-301F-11D3-BF4B-00C04F79EFBC}") = "Unity.2D.SpriteShape.Editor", "Unity.2D.SpriteShape.Editor.csproj", "{576A2D3A-6C0C-05E3-4C70-FCD7A35BC9B2}"
EndProject
Project("{FAE04EC0-301F-11D3-BF4B-00C04F79EFBC}") = "Unity.CollabProxy.Editor", "Unity.CollabProxy.Editor.csproj", "{65795469-0ED8-720F-1873-5FE249E5399A}"
EndProject
Project("{FAE04EC0-301F-11D3-BF4B-00C04F79EFBC}") = "PsdPlugin", "PsdPlugin.csproj", "{5672C818-646E-5979-A782-AE648057106F}"
EndProject
Project("{FAE04EC0-301F-11D3-BF4B-00C04F79EFBC}") = "Unity.Mirror.CodeGen", "Unity.Mirror.CodeGen.csproj", "{51717FDF-67C4-3A03-21DB-7D8572F8BF08}"
EndProject
Project("{FAE04EC0-301F-11D3-BF4B-00C04F79EFBC}") = "Unity.2D.Path.Editor", "Unity.2D.Path.Editor.csproj", "{16BBC496-508B-DC37-395F-7D6637C530C0}"
EndProject
Project("{FAE04EC0-301F-11D3-BF4B-00C04F79EFBC}") = "Unity.Rider.Editor", "Unity.Rider.Editor.csproj", "{2241E05F-3E43-8A91-F9CC-F8B0BE0F4B68}"
EndProject
Project("{FAE04EC0-301F-11D3-BF4B-00C04F79EFBC}") = "Unity.2D.IK.Editor", "Unity.2D.IK.Editor.csproj", "{BDBFEAB4-FF5B-7EC9-7027-687048275A01}"
EndProject
Project("{FAE04EC0-301F-11D3-BF4B-00C04F79EFBC}") = "Mirror.Editor", "Mirror.Editor.csproj", "{3256FD48-9988-D5BD-B18B-F3D279F1500C}"
EndProject
Project("{FAE04EC0-301F-11D3-BF4B-00C04F79EFBC}") = "Unity.2D.Sprite.Editor", "Unity.2D.Sprite.Editor.csproj", "{C39AC861-644C-D5BD-0253-DB3ABD18D5F6}"
EndProject
Project("{FAE04EC0-301F-11D3-BF4B-00C04F79EFBC}") = "Unity.2D.Tilemap.Editor", "Unity.2D.Tilemap.Editor.csproj", "{17C187DE-5170-B945-9A3E-CF7A884184AC}"
EndProject
Project("{FAE04EC0-301F-11D3-BF4B-00C04F79EFBC}") = "Unity.2D.PixelPerfect.Editor", "Unity.2D.PixelPerfect.Editor.csproj", "{3CFEF82D-A589-19C2-105D-3A2961C12182}"
EndProject
Project("{FAE04EC0-301F-11D3-BF4B-00C04F79EFBC}") = "Unity.VSCode.Editor", "Unity.VSCode.Editor.csproj", "{F4F617BD-AA29-2771-D0C0-C246B0899E08}"
EndProject
Project("{FAE04EC0-301F-11D3-BF4B-00C04F79EFBC}") = "Mirror.CompilerSymbols", "Mirror.CompilerSymbols.csproj", "{3C1CDC3E-6F3A-B0E3-43B5-4225AA848B03}"
EndProject
Project("{FAE04EC0-301F-11D3-BF4B-00C04F79EFBC}") = "Unity.2D.Common.Editor", "Unity.2D.Common.Editor.csproj", "{2BE05396-1451-BDA7-779C-8FDA3FB158B3}"
EndProject
Project("{FAE04EC0-301F-11D3-BF4B-00C04F79EFBC}") = "Unity.Mathematics.Editor", "Unity.Mathematics.Editor.csproj", "{C7D0BBEF-91E5-1AD1-D3D9-0FDD3A512ACB}"
EndProject
Project("{FAE04EC0-301F-11D3-BF4B-00C04F79EFBC}") = "Unity.InternalAPIEditorBridge.001", "Unity.InternalAPIEditorBridge.001.csproj", "{D2D1EAF8-96FF-8C23-6B95-F7C490EC6FDF}"
EndProject
Project("{FAE04EC0-301F-11D3-BF4B-00C04F79EFBC}") = "UnityEngine.UI", "UnityEngine.UI.Player.csproj", "{197F5D97-D634-C855-A2AC-98059ECD3F50}"
EndProject
Project("{FAE04EC0-301F-11D3-BF4B-00C04F79EFBC}") = "Mirror", "Mirror.Player.csproj", "{128612E4-3996-CB2A-9A66-6E286B4F9DB0}"
EndProject
Project("{FAE04EC0-301F-11D3-BF4B-00C04F79EFBC}") = "UnityEngine.TestRunner", "UnityEngine.TestRunner.Player.csproj", "{90B9EB92-397F-674D-ACFC-ECA7E95AAD72}"
EndProject
Project("{FAE04EC0-301F-11D3-BF4B-00C04F79EFBC}") = "Unity.Mathematics", "Unity.Mathematics.Player.csproj", "{84D3A408-2214-3D08-E4AD-CBD0C7AFB2ED}"
EndProject
Project("{FAE04EC0-301F-11D3-BF4B-00C04F79EFBC}") = "Unity.2D.Animation.Triangle.Runtime", "Unity.2D.Animation.Triangle.Runtime.Player.csproj", "{26A65AF9-67BD-4C39-DCBF-AA609EAF49C4}"
EndProject
Project("{FAE04EC0-301F-11D3-BF4B-00C04F79EFBC}") = "SimpleWebTransport", "SimpleWebTransport.Player.csproj", "{EB750AE1-EBAA-70FB-A8C0-D94FF46664DB}"
EndProject
Project("{FAE04EC0-301F-11D3-BF4B-00C04F79EFBC}") = "Unity.Timeline", "Unity.Timeline.Player.csproj", "{52D77B4E-02EE-8747-AFE4-BF3ADDF3C65A}"
EndProject
Project("{FAE04EC0-301F-11D3-BF4B-00C04F79EFBC}") = "Mirror.Examples", "Mirror.Examples.Player.csproj", "{787D0DAA-20B1-8625-3A41-39A2B2ECEED1}"
EndProject
Project("{FAE04EC0-301F-11D3-BF4B-00C04F79EFBC}") = "Mirror.Components", "Mirror.Components.Player.csproj", "{D8F00922-055B-C932-8495-1EA1BDFF2644}"
EndProject
Project("{FAE04EC0-301F-11D3-BF4B-00C04F79EFBC}") = "Unity.TextMeshPro", "Unity.TextMeshPro.Player.csproj", "{11A1C944-7547-77D5-4465-E27877F388BA}"
EndProject
Project("{FAE04EC0-301F-11D3-BF4B-00C04F79EFBC}") = "Unity.2D.Animation.Runtime", "Unity.2D.Animation.Runtime.Player.csproj", "{1DB0474D-F998-4787-49F7-BA7724A03F68}"
EndProject
Project("{FAE04EC0-301F-11D3-BF4B-00C04F79EFBC}") = "Unity.2D.IK.Runtime", "Unity.2D.IK.Runtime.Player.csproj", "{87570E91-A73C-2ED7-9C28-2E2784779F51}"
EndProject
Project("{FAE04EC0-301F-11D3-BF4B-00C04F79EFBC}") = "Unity.2D.SpriteShape.Runtime", "Unity.2D.SpriteShape.Runtime.Player.csproj", "{80856971-F6F3-7253-5A9D-3DDB00C0F1D5}"
EndProject
Project("{FAE04EC0-301F-11D3-BF4B-00C04F79EFBC}") = "kcp2k", "kcp2k.Player.csproj", "{1444CD83-BF78-048B-09DF-D07EE9426780}"
EndProject
Project("{FAE04EC0-301F-11D3-BF4B-00C04F79EFBC}") = "Telepathy", "Telepathy.Player.csproj", "{0732934E-7671-3482-95C5-85A83BD498B6}"
EndProject
Project("{FAE04EC0-301F-11D3-BF4B-00C04F79EFBC}") = "Mirror.Authenticators", "Mirror.Authenticators.Player.csproj", "{497BB33B-5450-2F58-3F6A-3E8D2CCAD8CE}"
EndProject
Project("{FAE04EC0-301F-11D3-BF4B-00C04F79EFBC}") = "Unity.2D.PixelPerfect", "Unity.2D.PixelPerfect.Player.csproj", "{6F501D97-5398-C992-9475-277F11252F28}"
EndProject
Project("{FAE04EC0-301F-11D3-BF4B-00C04F79EFBC}") = "Assembly-CSharp", "Assembly-CSharp.Player.csproj", "{878E8742-8B74-8580-841B-FEF90E0D6A40}"
EndProject
Project("{FAE04EC0-301F-11D3-BF4B-00C04F79EFBC}") = "where-allocations", "where-allocations.Player.csproj", "{4468F50E-0C92-1240-73D0-20A5F2A3A811}"
EndProject
Project("{FAE04EC0-301F-11D3-BF4B-00C04F79EFBC}") = "Unity.2D.Common.Runtime", "Unity.2D.Common.Runtime.Player.csproj", "{6296E08B-BDA6-EEE1-CF01-74A6944979D3}"
EndProject
Project("{FAE04EC0-301F-11D3-BF4B-00C04F79EFBC}") = "Unity.InternalAPIEngineBridge.001", "Unity.InternalAPIEngineBridge.001.Player.csproj", "{38691D6F-CAE3-BD2B-27A8-F55BB6D70A14}"
EndProject
Global
	GlobalSection(SolutionConfigurationPlatforms) = preSolution
		Debug|Any CPU = Debug|Any CPU
		Release|Any CPU = Release|Any CPU
	EndGlobalSection
	GlobalSection(ProjectConfigurationPlatforms) = postSolution
		{C81803B6-C167-B9D9-C8C0-EB42D8EEABE5}.Debug|Any CPU.ActiveCfg = Debug|Any CPU
		{C81803B6-C167-B9D9-C8C0-EB42D8EEABE5}.Debug|Any CPU.Build.0 = Debug|Any CPU
		{C81803B6-C167-B9D9-C8C0-EB42D8EEABE5}.Release|Any CPU.ActiveCfg = Release|Any CPU
		{C81803B6-C167-B9D9-C8C0-EB42D8EEABE5}.Release|Any CPU.Build.0 = Release|Any CPU
		{84988F1C-2458-24B0-F042-70F722B06239}.Debug|Any CPU.ActiveCfg = Debug|Any CPU
		{84988F1C-2458-24B0-F042-70F722B06239}.Debug|Any CPU.Build.0 = Debug|Any CPU
		{84988F1C-2458-24B0-F042-70F722B06239}.Release|Any CPU.ActiveCfg = Release|Any CPU
		{84988F1C-2458-24B0-F042-70F722B06239}.Release|Any CPU.Build.0 = Release|Any CPU
		{026AA0DE-4678-5A46-3DCF-A25BBCC6A294}.Debug|Any CPU.ActiveCfg = Debug|Any CPU
		{026AA0DE-4678-5A46-3DCF-A25BBCC6A294}.Debug|Any CPU.Build.0 = Debug|Any CPU
		{026AA0DE-4678-5A46-3DCF-A25BBCC6A294}.Release|Any CPU.ActiveCfg = Release|Any CPU
		{026AA0DE-4678-5A46-3DCF-A25BBCC6A294}.Release|Any CPU.Build.0 = Release|Any CPU
		{55494B8F-76BA-1208-BAAB-99E7E43F0441}.Debug|Any CPU.ActiveCfg = Debug|Any CPU
		{55494B8F-76BA-1208-BAAB-99E7E43F0441}.Debug|Any CPU.Build.0 = Debug|Any CPU
		{55494B8F-76BA-1208-BAAB-99E7E43F0441}.Release|Any CPU.ActiveCfg = Release|Any CPU
		{55494B8F-76BA-1208-BAAB-99E7E43F0441}.Release|Any CPU.Build.0 = Release|Any CPU
		{96DF7C79-37EB-B2A4-FE9E-708FD1830A97}.Debug|Any CPU.ActiveCfg = Debug|Any CPU
		{96DF7C79-37EB-B2A4-FE9E-708FD1830A97}.Debug|Any CPU.Build.0 = Debug|Any CPU
		{96DF7C79-37EB-B2A4-FE9E-708FD1830A97}.Release|Any CPU.ActiveCfg = Release|Any CPU
		{96DF7C79-37EB-B2A4-FE9E-708FD1830A97}.Release|Any CPU.Build.0 = Release|Any CPU
		{29E1949A-CD6B-6B21-FA3E-232800970883}.Debug|Any CPU.ActiveCfg = Debug|Any CPU
		{29E1949A-CD6B-6B21-FA3E-232800970883}.Debug|Any CPU.Build.0 = Debug|Any CPU
		{29E1949A-CD6B-6B21-FA3E-232800970883}.Release|Any CPU.ActiveCfg = Release|Any CPU
		{29E1949A-CD6B-6B21-FA3E-232800970883}.Release|Any CPU.Build.0 = Release|Any CPU
		{AC175C9E-6B7C-ABB1-1F35-C0F2BC6927E9}.Debug|Any CPU.ActiveCfg = Debug|Any CPU
		{AC175C9E-6B7C-ABB1-1F35-C0F2BC6927E9}.Debug|Any CPU.Build.0 = Debug|Any CPU
		{AC175C9E-6B7C-ABB1-1F35-C0F2BC6927E9}.Release|Any CPU.ActiveCfg = Release|Any CPU
		{AC175C9E-6B7C-ABB1-1F35-C0F2BC6927E9}.Release|Any CPU.Build.0 = Release|Any CPU
		{F10D3BCA-A12C-F3AB-BE78-A07515DC57AB}.Debug|Any CPU.ActiveCfg = Debug|Any CPU
		{F10D3BCA-A12C-F3AB-BE78-A07515DC57AB}.Debug|Any CPU.Build.0 = Debug|Any CPU
		{F10D3BCA-A12C-F3AB-BE78-A07515DC57AB}.Release|Any CPU.ActiveCfg = Release|Any CPU
		{F10D3BCA-A12C-F3AB-BE78-A07515DC57AB}.Release|Any CPU.Build.0 = Release|Any CPU
		{D4396ECD-B4F9-DC24-B49E-B0B2180B43A3}.Debug|Any CPU.ActiveCfg = Debug|Any CPU
		{D4396ECD-B4F9-DC24-B49E-B0B2180B43A3}.Debug|Any CPU.Build.0 = Debug|Any CPU
		{D4396ECD-B4F9-DC24-B49E-B0B2180B43A3}.Release|Any CPU.ActiveCfg = Release|Any CPU
		{D4396ECD-B4F9-DC24-B49E-B0B2180B43A3}.Release|Any CPU.Build.0 = Release|Any CPU
		{206F0318-6595-D899-2617-4E112E1EB126}.Debug|Any CPU.ActiveCfg = Debug|Any CPU
		{206F0318-6595-D899-2617-4E112E1EB126}.Debug|Any CPU.Build.0 = Debug|Any CPU
		{206F0318-6595-D899-2617-4E112E1EB126}.Release|Any CPU.ActiveCfg = Release|Any CPU
		{206F0318-6595-D899-2617-4E112E1EB126}.Release|Any CPU.Build.0 = Release|Any CPU
		{DB4F4224-9FFA-0074-D247-DE66591F84ED}.Debug|Any CPU.ActiveCfg = Debug|Any CPU
		{DB4F4224-9FFA-0074-D247-DE66591F84ED}.Debug|Any CPU.Build.0 = Debug|Any CPU
		{DB4F4224-9FFA-0074-D247-DE66591F84ED}.Release|Any CPU.ActiveCfg = Release|Any CPU
		{DB4F4224-9FFA-0074-D247-DE66591F84ED}.Release|Any CPU.Build.0 = Release|Any CPU
		{7D80CEBF-6CF3-3594-0DCE-E730A53715D2}.Debug|Any CPU.ActiveCfg = Debug|Any CPU
		{7D80CEBF-6CF3-3594-0DCE-E730A53715D2}.Debug|Any CPU.Build.0 = Debug|Any CPU
		{7D80CEBF-6CF3-3594-0DCE-E730A53715D2}.Release|Any CPU.ActiveCfg = Release|Any CPU
		{7D80CEBF-6CF3-3594-0DCE-E730A53715D2}.Release|Any CPU.Build.0 = Release|Any CPU
		{C0F987C7-093F-AA06-9AEF-33A05C0964AE}.Debug|Any CPU.ActiveCfg = Debug|Any CPU
		{C0F987C7-093F-AA06-9AEF-33A05C0964AE}.Debug|Any CPU.Build.0 = Debug|Any CPU
		{C0F987C7-093F-AA06-9AEF-33A05C0964AE}.Release|Any CPU.ActiveCfg = Release|Any CPU
		{C0F987C7-093F-AA06-9AEF-33A05C0964AE}.Release|Any CPU.Build.0 = Release|Any CPU
		{7C413233-B729-4BE0-A1D6-FE8A3884F060}.Debug|Any CPU.ActiveCfg = Debug|Any CPU
		{7C413233-B729-4BE0-A1D6-FE8A3884F060}.Debug|Any CPU.Build.0 = Debug|Any CPU
		{7C413233-B729-4BE0-A1D6-FE8A3884F060}.Release|Any CPU.ActiveCfg = Release|Any CPU
		{7C413233-B729-4BE0-A1D6-FE8A3884F060}.Release|Any CPU.Build.0 = Release|Any CPU
		{9E08E929-7A0F-78E0-1703-5C4EFBC4BE83}.Debug|Any CPU.ActiveCfg = Debug|Any CPU
		{9E08E929-7A0F-78E0-1703-5C4EFBC4BE83}.Debug|Any CPU.Build.0 = Debug|Any CPU
		{9E08E929-7A0F-78E0-1703-5C4EFBC4BE83}.Release|Any CPU.ActiveCfg = Release|Any CPU
		{9E08E929-7A0F-78E0-1703-5C4EFBC4BE83}.Release|Any CPU.Build.0 = Release|Any CPU
		{63E69E80-DF87-BB24-9018-BB10D03C6987}.Debug|Any CPU.ActiveCfg = Debug|Any CPU
		{63E69E80-DF87-BB24-9018-BB10D03C6987}.Debug|Any CPU.Build.0 = Debug|Any CPU
		{63E69E80-DF87-BB24-9018-BB10D03C6987}.Release|Any CPU.ActiveCfg = Release|Any CPU
		{63E69E80-DF87-BB24-9018-BB10D03C6987}.Release|Any CPU.Build.0 = Release|Any CPU
		{35E1B0CD-C30E-E339-12A4-FC19B79C5D63}.Debug|Any CPU.ActiveCfg = Debug|Any CPU
		{35E1B0CD-C30E-E339-12A4-FC19B79C5D63}.Debug|Any CPU.Build.0 = Debug|Any CPU
		{35E1B0CD-C30E-E339-12A4-FC19B79C5D63}.Release|Any CPU.ActiveCfg = Release|Any CPU
		{35E1B0CD-C30E-E339-12A4-FC19B79C5D63}.Release|Any CPU.Build.0 = Release|Any CPU
		{5A81D408-D29B-DE1F-A511-89442C3B638E}.Debug|Any CPU.ActiveCfg = Debug|Any CPU
		{5A81D408-D29B-DE1F-A511-89442C3B638E}.Debug|Any CPU.Build.0 = Debug|Any CPU
		{5A81D408-D29B-DE1F-A511-89442C3B638E}.Release|Any CPU.ActiveCfg = Release|Any CPU
		{5A81D408-D29B-DE1F-A511-89442C3B638E}.Release|Any CPU.Build.0 = Release|Any CPU
		{BE4660CA-AF87-AACF-8E06-4352C906A0C8}.Debug|Any CPU.ActiveCfg = Debug|Any CPU
		{BE4660CA-AF87-AACF-8E06-4352C906A0C8}.Debug|Any CPU.Build.0 = Debug|Any CPU
		{BE4660CA-AF87-AACF-8E06-4352C906A0C8}.Release|Any CPU.ActiveCfg = Release|Any CPU
		{BE4660CA-AF87-AACF-8E06-4352C906A0C8}.Release|Any CPU.Build.0 = Release|Any CPU
		{C29F493F-3B31-26DC-5579-8128CE3ABE46}.Debug|Any CPU.ActiveCfg = Debug|Any CPU
		{C29F493F-3B31-26DC-5579-8128CE3ABE46}.Debug|Any CPU.Build.0 = Debug|Any CPU
		{C29F493F-3B31-26DC-5579-8128CE3ABE46}.Release|Any CPU.ActiveCfg = Release|Any CPU
		{C29F493F-3B31-26DC-5579-8128CE3ABE46}.Release|Any CPU.Build.0 = Release|Any CPU
		{A5C55527-A0C0-D2C8-6DD4-B940A950D4A7}.Debug|Any CPU.ActiveCfg = Debug|Any CPU
		{A5C55527-A0C0-D2C8-6DD4-B940A950D4A7}.Debug|Any CPU.Build.0 = Debug|Any CPU
		{A5C55527-A0C0-D2C8-6DD4-B940A950D4A7}.Release|Any CPU.ActiveCfg = Release|Any CPU
		{A5C55527-A0C0-D2C8-6DD4-B940A950D4A7}.Release|Any CPU.Build.0 = Release|Any CPU
		{B73F4AA5-E591-FDAA-94B2-782BB85BF534}.Debug|Any CPU.ActiveCfg = Debug|Any CPU
		{B73F4AA5-E591-FDAA-94B2-782BB85BF534}.Debug|Any CPU.Build.0 = Debug|Any CPU
		{B73F4AA5-E591-FDAA-94B2-782BB85BF534}.Release|Any CPU.ActiveCfg = Release|Any CPU
		{B73F4AA5-E591-FDAA-94B2-782BB85BF534}.Release|Any CPU.Build.0 = Release|Any CPU
		{0F372713-45B5-DC2A-A113-FD84AB269D05}.Debug|Any CPU.ActiveCfg = Debug|Any CPU
		{0F372713-45B5-DC2A-A113-FD84AB269D05}.Debug|Any CPU.Build.0 = Debug|Any CPU
		{0F372713-45B5-DC2A-A113-FD84AB269D05}.Release|Any CPU.ActiveCfg = Release|Any CPU
		{0F372713-45B5-DC2A-A113-FD84AB269D05}.Release|Any CPU.Build.0 = Release|Any CPU
		{339E98C9-08CD-B1B0-6675-346F0909B051}.Debug|Any CPU.ActiveCfg = Debug|Any CPU
		{339E98C9-08CD-B1B0-6675-346F0909B051}.Debug|Any CPU.Build.0 = Debug|Any CPU
		{339E98C9-08CD-B1B0-6675-346F0909B051}.Release|Any CPU.ActiveCfg = Release|Any CPU
		{339E98C9-08CD-B1B0-6675-346F0909B051}.Release|Any CPU.Build.0 = Release|Any CPU
		{44B25D4D-B68C-E43C-3E2E-429F4C17A4D2}.Debug|Any CPU.ActiveCfg = Debug|Any CPU
		{44B25D4D-B68C-E43C-3E2E-429F4C17A4D2}.Debug|Any CPU.Build.0 = Debug|Any CPU
		{44B25D4D-B68C-E43C-3E2E-429F4C17A4D2}.Release|Any CPU.ActiveCfg = Release|Any CPU
		{44B25D4D-B68C-E43C-3E2E-429F4C17A4D2}.Release|Any CPU.Build.0 = Release|Any CPU
		{AD93D33D-7765-CB64-E760-898D33EFF08C}.Debug|Any CPU.ActiveCfg = Debug|Any CPU
		{AD93D33D-7765-CB64-E760-898D33EFF08C}.Debug|Any CPU.Build.0 = Debug|Any CPU
		{AD93D33D-7765-CB64-E760-898D33EFF08C}.Release|Any CPU.ActiveCfg = Release|Any CPU
		{AD93D33D-7765-CB64-E760-898D33EFF08C}.Release|Any CPU.Build.0 = Release|Any CPU
		{F4F5526B-21B6-552D-BFE6-084995B46396}.Debug|Any CPU.ActiveCfg = Debug|Any CPU
		{F4F5526B-21B6-552D-BFE6-084995B46396}.Debug|Any CPU.Build.0 = Debug|Any CPU
		{F4F5526B-21B6-552D-BFE6-084995B46396}.Release|Any CPU.ActiveCfg = Release|Any CPU
		{F4F5526B-21B6-552D-BFE6-084995B46396}.Release|Any CPU.Build.0 = Release|Any CPU
		{3A696D9A-289F-BC99-48E1-9C61F18816E0}.Debug|Any CPU.ActiveCfg = Debug|Any CPU
		{3A696D9A-289F-BC99-48E1-9C61F18816E0}.Debug|Any CPU.Build.0 = Debug|Any CPU
		{3A696D9A-289F-BC99-48E1-9C61F18816E0}.Release|Any CPU.ActiveCfg = Release|Any CPU
		{3A696D9A-289F-BC99-48E1-9C61F18816E0}.Release|Any CPU.Build.0 = Release|Any CPU
		{F7C0C44A-4521-63AC-B223-F7CDFD377B95}.Debug|Any CPU.ActiveCfg = Debug|Any CPU
		{F7C0C44A-4521-63AC-B223-F7CDFD377B95}.Debug|Any CPU.Build.0 = Debug|Any CPU
		{F7C0C44A-4521-63AC-B223-F7CDFD377B95}.Release|Any CPU.ActiveCfg = Release|Any CPU
		{F7C0C44A-4521-63AC-B223-F7CDFD377B95}.Release|Any CPU.Build.0 = Release|Any CPU
		{2067314D-D7B0-F021-EB9C-3368B0DAF89C}.Debug|Any CPU.ActiveCfg = Debug|Any CPU
		{2067314D-D7B0-F021-EB9C-3368B0DAF89C}.Debug|Any CPU.Build.0 = Debug|Any CPU
		{2067314D-D7B0-F021-EB9C-3368B0DAF89C}.Release|Any CPU.ActiveCfg = Release|Any CPU
		{2067314D-D7B0-F021-EB9C-3368B0DAF89C}.Release|Any CPU.Build.0 = Release|Any CPU
		{576A2D3A-6C0C-05E3-4C70-FCD7A35BC9B2}.Debug|Any CPU.ActiveCfg = Debug|Any CPU
		{576A2D3A-6C0C-05E3-4C70-FCD7A35BC9B2}.Debug|Any CPU.Build.0 = Debug|Any CPU
		{576A2D3A-6C0C-05E3-4C70-FCD7A35BC9B2}.Release|Any CPU.ActiveCfg = Release|Any CPU
		{576A2D3A-6C0C-05E3-4C70-FCD7A35BC9B2}.Release|Any CPU.Build.0 = Release|Any CPU
		{65795469-0ED8-720F-1873-5FE249E5399A}.Debug|Any CPU.ActiveCfg = Debug|Any CPU
		{65795469-0ED8-720F-1873-5FE249E5399A}.Debug|Any CPU.Build.0 = Debug|Any CPU
		{65795469-0ED8-720F-1873-5FE249E5399A}.Release|Any CPU.ActiveCfg = Release|Any CPU
		{65795469-0ED8-720F-1873-5FE249E5399A}.Release|Any CPU.Build.0 = Release|Any CPU
		{5672C818-646E-5979-A782-AE648057106F}.Debug|Any CPU.ActiveCfg = Debug|Any CPU
		{5672C818-646E-5979-A782-AE648057106F}.Debug|Any CPU.Build.0 = Debug|Any CPU
		{5672C818-646E-5979-A782-AE648057106F}.Release|Any CPU.ActiveCfg = Release|Any CPU
		{5672C818-646E-5979-A782-AE648057106F}.Release|Any CPU.Build.0 = Release|Any CPU
		{51717FDF-67C4-3A03-21DB-7D8572F8BF08}.Debug|Any CPU.ActiveCfg = Debug|Any CPU
		{51717FDF-67C4-3A03-21DB-7D8572F8BF08}.Debug|Any CPU.Build.0 = Debug|Any CPU
		{51717FDF-67C4-3A03-21DB-7D8572F8BF08}.Release|Any CPU.ActiveCfg = Release|Any CPU
		{51717FDF-67C4-3A03-21DB-7D8572F8BF08}.Release|Any CPU.Build.0 = Release|Any CPU
		{16BBC496-508B-DC37-395F-7D6637C530C0}.Debug|Any CPU.ActiveCfg = Debug|Any CPU
		{16BBC496-508B-DC37-395F-7D6637C530C0}.Debug|Any CPU.Build.0 = Debug|Any CPU
		{16BBC496-508B-DC37-395F-7D6637C530C0}.Release|Any CPU.ActiveCfg = Release|Any CPU
		{16BBC496-508B-DC37-395F-7D6637C530C0}.Release|Any CPU.Build.0 = Release|Any CPU
		{2241E05F-3E43-8A91-F9CC-F8B0BE0F4B68}.Debug|Any CPU.ActiveCfg = Debug|Any CPU
		{2241E05F-3E43-8A91-F9CC-F8B0BE0F4B68}.Debug|Any CPU.Build.0 = Debug|Any CPU
		{2241E05F-3E43-8A91-F9CC-F8B0BE0F4B68}.Release|Any CPU.ActiveCfg = Release|Any CPU
		{2241E05F-3E43-8A91-F9CC-F8B0BE0F4B68}.Release|Any CPU.Build.0 = Release|Any CPU
		{BDBFEAB4-FF5B-7EC9-7027-687048275A01}.Debug|Any CPU.ActiveCfg = Debug|Any CPU
		{BDBFEAB4-FF5B-7EC9-7027-687048275A01}.Debug|Any CPU.Build.0 = Debug|Any CPU
		{BDBFEAB4-FF5B-7EC9-7027-687048275A01}.Release|Any CPU.ActiveCfg = Release|Any CPU
		{BDBFEAB4-FF5B-7EC9-7027-687048275A01}.Release|Any CPU.Build.0 = Release|Any CPU
		{3256FD48-9988-D5BD-B18B-F3D279F1500C}.Debug|Any CPU.ActiveCfg = Debug|Any CPU
		{3256FD48-9988-D5BD-B18B-F3D279F1500C}.Debug|Any CPU.Build.0 = Debug|Any CPU
		{3256FD48-9988-D5BD-B18B-F3D279F1500C}.Release|Any CPU.ActiveCfg = Release|Any CPU
		{3256FD48-9988-D5BD-B18B-F3D279F1500C}.Release|Any CPU.Build.0 = Release|Any CPU
		{C39AC861-644C-D5BD-0253-DB3ABD18D5F6}.Debug|Any CPU.ActiveCfg = Debug|Any CPU
		{C39AC861-644C-D5BD-0253-DB3ABD18D5F6}.Debug|Any CPU.Build.0 = Debug|Any CPU
		{C39AC861-644C-D5BD-0253-DB3ABD18D5F6}.Release|Any CPU.ActiveCfg = Release|Any CPU
		{C39AC861-644C-D5BD-0253-DB3ABD18D5F6}.Release|Any CPU.Build.0 = Release|Any CPU
		{17C187DE-5170-B945-9A3E-CF7A884184AC}.Debug|Any CPU.ActiveCfg = Debug|Any CPU
		{17C187DE-5170-B945-9A3E-CF7A884184AC}.Debug|Any CPU.Build.0 = Debug|Any CPU
		{17C187DE-5170-B945-9A3E-CF7A884184AC}.Release|Any CPU.ActiveCfg = Release|Any CPU
		{17C187DE-5170-B945-9A3E-CF7A884184AC}.Release|Any CPU.Build.0 = Release|Any CPU
		{3CFEF82D-A589-19C2-105D-3A2961C12182}.Debug|Any CPU.ActiveCfg = Debug|Any CPU
		{3CFEF82D-A589-19C2-105D-3A2961C12182}.Debug|Any CPU.Build.0 = Debug|Any CPU
		{3CFEF82D-A589-19C2-105D-3A2961C12182}.Release|Any CPU.ActiveCfg = Release|Any CPU
		{3CFEF82D-A589-19C2-105D-3A2961C12182}.Release|Any CPU.Build.0 = Release|Any CPU
		{F4F617BD-AA29-2771-D0C0-C246B0899E08}.Debug|Any CPU.ActiveCfg = Debug|Any CPU
		{F4F617BD-AA29-2771-D0C0-C246B0899E08}.Debug|Any CPU.Build.0 = Debug|Any CPU
		{F4F617BD-AA29-2771-D0C0-C246B0899E08}.Release|Any CPU.ActiveCfg = Release|Any CPU
		{F4F617BD-AA29-2771-D0C0-C246B0899E08}.Release|Any CPU.Build.0 = Release|Any CPU
		{3C1CDC3E-6F3A-B0E3-43B5-4225AA848B03}.Debug|Any CPU.ActiveCfg = Debug|Any CPU
		{3C1CDC3E-6F3A-B0E3-43B5-4225AA848B03}.Debug|Any CPU.Build.0 = Debug|Any CPU
		{3C1CDC3E-6F3A-B0E3-43B5-4225AA848B03}.Release|Any CPU.ActiveCfg = Release|Any CPU
		{3C1CDC3E-6F3A-B0E3-43B5-4225AA848B03}.Release|Any CPU.Build.0 = Release|Any CPU
		{2BE05396-1451-BDA7-779C-8FDA3FB158B3}.Debug|Any CPU.ActiveCfg = Debug|Any CPU
		{2BE05396-1451-BDA7-779C-8FDA3FB158B3}.Debug|Any CPU.Build.0 = Debug|Any CPU
		{2BE05396-1451-BDA7-779C-8FDA3FB158B3}.Release|Any CPU.ActiveCfg = Release|Any CPU
		{2BE05396-1451-BDA7-779C-8FDA3FB158B3}.Release|Any CPU.Build.0 = Release|Any CPU
		{C7D0BBEF-91E5-1AD1-D3D9-0FDD3A512ACB}.Debug|Any CPU.ActiveCfg = Debug|Any CPU
		{C7D0BBEF-91E5-1AD1-D3D9-0FDD3A512ACB}.Debug|Any CPU.Build.0 = Debug|Any CPU
		{C7D0BBEF-91E5-1AD1-D3D9-0FDD3A512ACB}.Release|Any CPU.ActiveCfg = Release|Any CPU
		{C7D0BBEF-91E5-1AD1-D3D9-0FDD3A512ACB}.Release|Any CPU.Build.0 = Release|Any CPU
		{D2D1EAF8-96FF-8C23-6B95-F7C490EC6FDF}.Debug|Any CPU.ActiveCfg = Debug|Any CPU
		{D2D1EAF8-96FF-8C23-6B95-F7C490EC6FDF}.Debug|Any CPU.Build.0 = Debug|Any CPU
		{D2D1EAF8-96FF-8C23-6B95-F7C490EC6FDF}.Release|Any CPU.ActiveCfg = Release|Any CPU
		{D2D1EAF8-96FF-8C23-6B95-F7C490EC6FDF}.Release|Any CPU.Build.0 = Release|Any CPU
		{197F5D97-D634-C855-A2AC-98059ECD3F50}.Debug|Any CPU.ActiveCfg = Debug|Any CPU
		{197F5D97-D634-C855-A2AC-98059ECD3F50}.Debug|Any CPU.Build.0 = Debug|Any CPU
		{197F5D97-D634-C855-A2AC-98059ECD3F50}.Release|Any CPU.ActiveCfg = Release|Any CPU
		{197F5D97-D634-C855-A2AC-98059ECD3F50}.Release|Any CPU.Build.0 = Release|Any CPU
		{128612E4-3996-CB2A-9A66-6E286B4F9DB0}.Debug|Any CPU.ActiveCfg = Debug|Any CPU
		{128612E4-3996-CB2A-9A66-6E286B4F9DB0}.Debug|Any CPU.Build.0 = Debug|Any CPU
		{128612E4-3996-CB2A-9A66-6E286B4F9DB0}.Release|Any CPU.ActiveCfg = Release|Any CPU
		{128612E4-3996-CB2A-9A66-6E286B4F9DB0}.Release|Any CPU.Build.0 = Release|Any CPU
		{90B9EB92-397F-674D-ACFC-ECA7E95AAD72}.Debug|Any CPU.ActiveCfg = Debug|Any CPU
		{90B9EB92-397F-674D-ACFC-ECA7E95AAD72}.Debug|Any CPU.Build.0 = Debug|Any CPU
		{90B9EB92-397F-674D-ACFC-ECA7E95AAD72}.Release|Any CPU.ActiveCfg = Release|Any CPU
		{90B9EB92-397F-674D-ACFC-ECA7E95AAD72}.Release|Any CPU.Build.0 = Release|Any CPU
		{84D3A408-2214-3D08-E4AD-CBD0C7AFB2ED}.Debug|Any CPU.ActiveCfg = Debug|Any CPU
		{84D3A408-2214-3D08-E4AD-CBD0C7AFB2ED}.Debug|Any CPU.Build.0 = Debug|Any CPU
		{84D3A408-2214-3D08-E4AD-CBD0C7AFB2ED}.Release|Any CPU.ActiveCfg = Release|Any CPU
		{84D3A408-2214-3D08-E4AD-CBD0C7AFB2ED}.Release|Any CPU.Build.0 = Release|Any CPU
		{26A65AF9-67BD-4C39-DCBF-AA609EAF49C4}.Debug|Any CPU.ActiveCfg = Debug|Any CPU
		{26A65AF9-67BD-4C39-DCBF-AA609EAF49C4}.Debug|Any CPU.Build.0 = Debug|Any CPU
		{26A65AF9-67BD-4C39-DCBF-AA609EAF49C4}.Release|Any CPU.ActiveCfg = Release|Any CPU
		{26A65AF9-67BD-4C39-DCBF-AA609EAF49C4}.Release|Any CPU.Build.0 = Release|Any CPU
		{EB750AE1-EBAA-70FB-A8C0-D94FF46664DB}.Debug|Any CPU.ActiveCfg = Debug|Any CPU
		{EB750AE1-EBAA-70FB-A8C0-D94FF46664DB}.Debug|Any CPU.Build.0 = Debug|Any CPU
		{EB750AE1-EBAA-70FB-A8C0-D94FF46664DB}.Release|Any CPU.ActiveCfg = Release|Any CPU
		{EB750AE1-EBAA-70FB-A8C0-D94FF46664DB}.Release|Any CPU.Build.0 = Release|Any CPU
		{52D77B4E-02EE-8747-AFE4-BF3ADDF3C65A}.Debug|Any CPU.ActiveCfg = Debug|Any CPU
		{52D77B4E-02EE-8747-AFE4-BF3ADDF3C65A}.Debug|Any CPU.Build.0 = Debug|Any CPU
		{52D77B4E-02EE-8747-AFE4-BF3ADDF3C65A}.Release|Any CPU.ActiveCfg = Release|Any CPU
		{52D77B4E-02EE-8747-AFE4-BF3ADDF3C65A}.Release|Any CPU.Build.0 = Release|Any CPU
		{787D0DAA-20B1-8625-3A41-39A2B2ECEED1}.Debug|Any CPU.ActiveCfg = Debug|Any CPU
		{787D0DAA-20B1-8625-3A41-39A2B2ECEED1}.Debug|Any CPU.Build.0 = Debug|Any CPU
		{787D0DAA-20B1-8625-3A41-39A2B2ECEED1}.Release|Any CPU.ActiveCfg = Release|Any CPU
		{787D0DAA-20B1-8625-3A41-39A2B2ECEED1}.Release|Any CPU.Build.0 = Release|Any CPU
		{D8F00922-055B-C932-8495-1EA1BDFF2644}.Debug|Any CPU.ActiveCfg = Debug|Any CPU
		{D8F00922-055B-C932-8495-1EA1BDFF2644}.Debug|Any CPU.Build.0 = Debug|Any CPU
		{D8F00922-055B-C932-8495-1EA1BDFF2644}.Release|Any CPU.ActiveCfg = Release|Any CPU
		{D8F00922-055B-C932-8495-1EA1BDFF2644}.Release|Any CPU.Build.0 = Release|Any CPU
		{11A1C944-7547-77D5-4465-E27877F388BA}.Debug|Any CPU.ActiveCfg = Debug|Any CPU
		{11A1C944-7547-77D5-4465-E27877F388BA}.Debug|Any CPU.Build.0 = Debug|Any CPU
		{11A1C944-7547-77D5-4465-E27877F388BA}.Release|Any CPU.ActiveCfg = Release|Any CPU
		{11A1C944-7547-77D5-4465-E27877F388BA}.Release|Any CPU.Build.0 = Release|Any CPU
		{1DB0474D-F998-4787-49F7-BA7724A03F68}.Debug|Any CPU.ActiveCfg = Debug|Any CPU
		{1DB0474D-F998-4787-49F7-BA7724A03F68}.Debug|Any CPU.Build.0 = Debug|Any CPU
		{1DB0474D-F998-4787-49F7-BA7724A03F68}.Release|Any CPU.ActiveCfg = Release|Any CPU
		{1DB0474D-F998-4787-49F7-BA7724A03F68}.Release|Any CPU.Build.0 = Release|Any CPU
		{87570E91-A73C-2ED7-9C28-2E2784779F51}.Debug|Any CPU.ActiveCfg = Debug|Any CPU
		{87570E91-A73C-2ED7-9C28-2E2784779F51}.Debug|Any CPU.Build.0 = Debug|Any CPU
		{87570E91-A73C-2ED7-9C28-2E2784779F51}.Release|Any CPU.ActiveCfg = Release|Any CPU
		{87570E91-A73C-2ED7-9C28-2E2784779F51}.Release|Any CPU.Build.0 = Release|Any CPU
		{80856971-F6F3-7253-5A9D-3DDB00C0F1D5}.Debug|Any CPU.ActiveCfg = Debug|Any CPU
		{80856971-F6F3-7253-5A9D-3DDB00C0F1D5}.Debug|Any CPU.Build.0 = Debug|Any CPU
		{80856971-F6F3-7253-5A9D-3DDB00C0F1D5}.Release|Any CPU.ActiveCfg = Release|Any CPU
		{80856971-F6F3-7253-5A9D-3DDB00C0F1D5}.Release|Any CPU.Build.0 = Release|Any CPU
		{1444CD83-BF78-048B-09DF-D07EE9426780}.Debug|Any CPU.ActiveCfg = Debug|Any CPU
		{1444CD83-BF78-048B-09DF-D07EE9426780}.Debug|Any CPU.Build.0 = Debug|Any CPU
		{1444CD83-BF78-048B-09DF-D07EE9426780}.Release|Any CPU.ActiveCfg = Release|Any CPU
		{1444CD83-BF78-048B-09DF-D07EE9426780}.Release|Any CPU.Build.0 = Release|Any CPU
		{0732934E-7671-3482-95C5-85A83BD498B6}.Debug|Any CPU.ActiveCfg = Debug|Any CPU
		{0732934E-7671-3482-95C5-85A83BD498B6}.Debug|Any CPU.Build.0 = Debug|Any CPU
		{0732934E-7671-3482-95C5-85A83BD498B6}.Release|Any CPU.ActiveCfg = Release|Any CPU
		{0732934E-7671-3482-95C5-85A83BD498B6}.Release|Any CPU.Build.0 = Release|Any CPU
		{497BB33B-5450-2F58-3F6A-3E8D2CCAD8CE}.Debug|Any CPU.ActiveCfg = Debug|Any CPU
		{497BB33B-5450-2F58-3F6A-3E8D2CCAD8CE}.Debug|Any CPU.Build.0 = Debug|Any CPU
		{497BB33B-5450-2F58-3F6A-3E8D2CCAD8CE}.Release|Any CPU.ActiveCfg = Release|Any CPU
		{497BB33B-5450-2F58-3F6A-3E8D2CCAD8CE}.Release|Any CPU.Build.0 = Release|Any CPU
		{6F501D97-5398-C992-9475-277F11252F28}.Debug|Any CPU.ActiveCfg = Debug|Any CPU
		{6F501D97-5398-C992-9475-277F11252F28}.Debug|Any CPU.Build.0 = Debug|Any CPU
		{6F501D97-5398-C992-9475-277F11252F28}.Release|Any CPU.ActiveCfg = Release|Any CPU
		{6F501D97-5398-C992-9475-277F11252F28}.Release|Any CPU.Build.0 = Release|Any CPU
		{878E8742-8B74-8580-841B-FEF90E0D6A40}.Debug|Any CPU.ActiveCfg = Debug|Any CPU
		{878E8742-8B74-8580-841B-FEF90E0D6A40}.Debug|Any CPU.Build.0 = Debug|Any CPU
		{878E8742-8B74-8580-841B-FEF90E0D6A40}.Release|Any CPU.ActiveCfg = Release|Any CPU
		{878E8742-8B74-8580-841B-FEF90E0D6A40}.Release|Any CPU.Build.0 = Release|Any CPU
		{4468F50E-0C92-1240-73D0-20A5F2A3A811}.Debug|Any CPU.ActiveCfg = Debug|Any CPU
		{4468F50E-0C92-1240-73D0-20A5F2A3A811}.Debug|Any CPU.Build.0 = Debug|Any CPU
		{4468F50E-0C92-1240-73D0-20A5F2A3A811}.Release|Any CPU.ActiveCfg = Release|Any CPU
		{4468F50E-0C92-1240-73D0-20A5F2A3A811}.Release|Any CPU.Build.0 = Release|Any CPU
		{6296E08B-BDA6-EEE1-CF01-74A6944979D3}.Debug|Any CPU.ActiveCfg = Debug|Any CPU
		{6296E08B-BDA6-EEE1-CF01-74A6944979D3}.Debug|Any CPU.Build.0 = Debug|Any CPU
		{6296E08B-BDA6-EEE1-CF01-74A6944979D3}.Release|Any CPU.ActiveCfg = Release|Any CPU
		{6296E08B-BDA6-EEE1-CF01-74A6944979D3}.Release|Any CPU.Build.0 = Release|Any CPU
		{38691D6F-CAE3-BD2B-27A8-F55BB6D70A14}.Debug|Any CPU.ActiveCfg = Debug|Any CPU
		{38691D6F-CAE3-BD2B-27A8-F55BB6D70A14}.Debug|Any CPU.Build.0 = Debug|Any CPU
		{38691D6F-CAE3-BD2B-27A8-F55BB6D70A14}.Release|Any CPU.ActiveCfg = Release|Any CPU
		{38691D6F-CAE3-BD2B-27A8-F55BB6D70A14}.Release|Any CPU.Build.0 = Release|Any CPU
	EndGlobalSection
	GlobalSection(SolutionProperties) = preSolution
		HideSolutionNode = FALSE
	EndGlobalSection
EndGlobal
